
Microsoft Visual Studio Solution File, Format Version 12.00
# Visual Studio Version 16
VisualStudioVersion = 16.0.30621.155
MinimumVisualStudioVersion = 10.0.40219.1
Project("{FAE04EC0-301F-11D3-BF4B-00C04F79EFBC}") = "PromotionEngine", "PromotionEngineLayer\PromotionEngine.csproj", "{6908C05E-5F14-47F0-B164-F6EB341CCD87}"
EndProject
Project("{2150E333-8FDC-42A3-9474-1A3956D46DE8}") = "FunctionsApp", "FunctionsApp", "{0809B49F-D7D2-46A2-8059-8E9F2E9A69AE}"
EndProject
Project("{2150E333-8FDC-42A3-9474-1A3956D46DE8}") = "Lib", "Lib", "{B32B1AD7-F979-4115-9555-0CCF21702A9C}"
EndProject
Project("{2150E333-8FDC-42A3-9474-1A3956D46DE8}") = "Test", "Test", "{8C58D079-3F0E-4986-BE4C-C2C963AB4AB5}"
EndProject
Project("{FAE04EC0-301F-11D3-BF4B-00C04F79EFBC}") = "CommonModel", "CommonModel\CommonModel.csproj", "{5E489356-CCB0-4FAB-98F0-72B94D29880D}"
EndProject
Project("{FAE04EC0-301F-11D3-BF4B-00C04F79EFBC}") = "PromotionEngineTest", "PromotionEngineTest\PromotionEngineTest.csproj", "{DAF0992F-7C4E-4CB1-A32E-D464640D0FB3}"
EndProject
Project("{FAE04EC0-301F-11D3-BF4B-00C04F79EFBC}") = "IndividualPromotion", "IndividualPromotion\IndividualPromotion.csproj", "{50508179-084E-4CDE-8383-B5095567F5C3}"
EndProject
Project("{FAE04EC0-301F-11D3-BF4B-00C04F79EFBC}") = "CombinedPromotion", "CombinedPromotion\CombinedPromotion.csproj", "{D67EF5C0-1854-486F-B9B7-972FFF148763}"
EndProject
Project("{FAE04EC0-301F-11D3-BF4B-00C04F79EFBC}") = "IndividualPromotionTest", "IndividualPromotionTest\IndividualPromotionTest.csproj", "{6BE5A97D-E1C5-4991-B3CF-57D952970C4F}"
EndProject
Project("{FAE04EC0-301F-11D3-BF4B-00C04F79EFBC}") = "CombinedPromotionTest", "CombinedPromotionTest\CombinedPromotionTest.csproj", "{117BE375-87B9-4F73-B4EC-42AC5EB1EC12}"
EndProject
Project("{2150E333-8FDC-42A3-9474-1A3956D46DE8}") = "Solution Items", "Solution Items", "{B9701C33-818F-452B-BA9D-0380A1E38281}"
	ProjectSection(SolutionItems) = preProject
		ScenarioA_Request.json = ScenarioA_Request.json
		ScenarioB_Request.json = ScenarioB_Request.json
		ScenarioC_Request.json = ScenarioC_Request.json
		StepsToRunApplication.txt = StepsToRunApplication.txt
	EndProjectSection
EndProject
Global
	GlobalSection(SolutionConfigurationPlatforms) = preSolution
		Debug|Any CPU = Debug|Any CPU
		Release|Any CPU = Release|Any CPU
	EndGlobalSection
	GlobalSection(ProjectConfigurationPlatforms) = postSolution
		{6908C05E-5F14-47F0-B164-F6EB341CCD87}.Debug|Any CPU.ActiveCfg = Debug|Any CPU
		{6908C05E-5F14-47F0-B164-F6EB341CCD87}.Debug|Any CPU.Build.0 = Debug|Any CPU
		{6908C05E-5F14-47F0-B164-F6EB341CCD87}.Release|Any CPU.ActiveCfg = Release|Any CPU
		{6908C05E-5F14-47F0-B164-F6EB341CCD87}.Release|Any CPU.Build.0 = Release|Any CPU
		{5E489356-CCB0-4FAB-98F0-72B94D29880D}.Debug|Any CPU.ActiveCfg = Debug|Any CPU
		{5E489356-CCB0-4FAB-98F0-72B94D29880D}.Debug|Any CPU.Build.0 = Debug|Any CPU
		{5E489356-CCB0-4FAB-98F0-72B94D29880D}.Release|Any CPU.ActiveCfg = Release|Any CPU
		{5E489356-CCB0-4FAB-98F0-72B94D29880D}.Release|Any CPU.Build.0 = Release|Any CPU
		{DAF0992F-7C4E-4CB1-A32E-D464640D0FB3}.Debug|Any CPU.ActiveCfg = Debug|Any CPU
		{DAF0992F-7C4E-4CB1-A32E-D464640D0FB3}.Debug|Any CPU.Build.0 = Debug|Any CPU
		{DAF0992F-7C4E-4CB1-A32E-D464640D0FB3}.Release|Any CPU.ActiveCfg = Release|Any CPU
		{DAF0992F-7C4E-4CB1-A32E-D464640D0FB3}.Release|Any CPU.Build.0 = Release|Any CPU
		{50508179-084E-4CDE-8383-B5095567F5C3}.Debug|Any CPU.ActiveCfg = Debug|Any CPU
		{50508179-084E-4CDE-8383-B5095567F5C3}.Debug|Any CPU.Build.0 = Debug|Any CPU
		{50508179-084E-4CDE-8383-B5095567F5C3}.Release|Any CPU.ActiveCfg = Release|Any CPU
		{50508179-084E-4CDE-8383-B5095567F5C3}.Release|Any CPU.Build.0 = Release|Any CPU
		{D67EF5C0-1854-486F-B9B7-972FFF148763}.Debug|Any CPU.ActiveCfg = Debug|Any CPU
		{D67EF5C0-1854-486F-B9B7-972FFF148763}.Debug|Any CPU.Build.0 = Debug|Any CPU
		{D67EF5C0-1854-486F-B9B7-972FFF148763}.Release|Any CPU.ActiveCfg = Release|Any CPU
		{D67EF5C0-1854-486F-B9B7-972FFF148763}.Release|Any CPU.Build.0 = Release|Any CPU
		{6BE5A97D-E1C5-4991-B3CF-57D952970C4F}.Debug|Any CPU.ActiveCfg = Debug|Any CPU
		{6BE5A97D-E1C5-4991-B3CF-57D952970C4F}.Debug|Any CPU.Build.0 = Debug|Any CPU
		{6BE5A97D-E1C5-4991-B3CF-57D952970C4F}.Release|Any CPU.ActiveCfg = Release|Any CPU
		{6BE5A97D-E1C5-4991-B3CF-57D952970C4F}.Release|Any CPU.Build.0 = Release|Any CPU
		{117BE375-87B9-4F73-B4EC-42AC5EB1EC12}.Debug|Any CPU.ActiveCfg = Debug|Any CPU
		{117BE375-87B9-4F73-B4EC-42AC5EB1EC12}.Debug|Any CPU.Build.0 = Debug|Any CPU
		{117BE375-87B9-4F73-B4EC-42AC5EB1EC12}.Release|Any CPU.ActiveCfg = Release|Any CPU
		{117BE375-87B9-4F73-B4EC-42AC5EB1EC12}.Release|Any CPU.Build.0 = Release|Any CPU
	EndGlobalSection
	GlobalSection(SolutionProperties) = preSolution
		HideSolutionNode = FALSE
	EndGlobalSection
	GlobalSection(NestedProjects) = preSolution
		{6908C05E-5F14-47F0-B164-F6EB341CCD87} = {0809B49F-D7D2-46A2-8059-8E9F2E9A69AE}
		{5E489356-CCB0-4FAB-98F0-72B94D29880D} = {B32B1AD7-F979-4115-9555-0CCF21702A9C}
		{DAF0992F-7C4E-4CB1-A32E-D464640D0FB3} = {8C58D079-3F0E-4986-BE4C-C2C963AB4AB5}
		{50508179-084E-4CDE-8383-B5095567F5C3} = {0809B49F-D7D2-46A2-8059-8E9F2E9A69AE}
		{D67EF5C0-1854-486F-B9B7-972FFF148763} = {0809B49F-D7D2-46A2-8059-8E9F2E9A69AE}
		{6BE5A97D-E1C5-4991-B3CF-57D952970C4F} = {8C58D079-3F0E-4986-BE4C-C2C963AB4AB5}
		{117BE375-87B9-4F73-B4EC-42AC5EB1EC12} = {8C58D079-3F0E-4986-BE4C-C2C963AB4AB5}
	EndGlobalSection
	GlobalSection(ExtensibilityGlobals) = postSolution
		SolutionGuid = {F13BDD08-CCA4-406D-8F5A-E6B59110AE59}
	EndGlobalSection
EndGlobal
